<Solution>
  <Folder Name="/Solutions Items/">
    <File Path="Directory.Build.props" />
  </Folder>
  <Folder Name="/Tests/">
    <Project Path="tests/Tests.AspNetCore/Tests.AspNetCore.csproj" />
    <Project Path="tests/Tests.Core/Tests.Core.csproj" />
    <Project Path="tests/Tests.EntityFrameworkCore/Tests.EntityFrameworkCore.csproj" />
    <Project Path="tests/Tests.OpenTelemetry/Tests.OpenTelemetry.csproj" />
    <Project Path="tests/Tests.Shared/Tests.Shared.csproj" />
  </Folder>
  <Folder Name="/Tools/" />
  <Project Path="src/AspNetCore/AspNetCore.csproj" />
  <Project Path="src/Core/Core.csproj" />
  <Project Path="src/EntityFrameworkCore/EntityFrameworkCore.csproj" />
  <Project Path="src/OpenTelemetry/OpenTelemetry.csproj" />
</Solution>
